
Microsoft Visual Studio Solution File, Format Version 12.00
# Visual Studio Version 17
VisualStudioVersion = 17.2.32616.157
MinimumVisualStudioVersion = 10.0.40219.1
Project("{FAE04EC0-301F-11D3-BF4B-00C04F79EFBC}") = "Lesson03", "Lesson03\Lesson03.csproj", "{2C5B73E9-458D-4351-9773-393D9251A744}"
EndProject
Global
	GlobalSection(SolutionConfigurationPlatforms) = preSolution
		Debug|Any CPU = Debug|Any CPU
		Release|Any CPU = Release|Any CPU
	EndGlobalSection
	GlobalSection(ProjectConfigurationPlatforms) = postSolution
		{2C5B73E9-458D-4351-9773-393D9251A744}.Debug|Any CPU.ActiveCfg = Debug|Any CPU
		{2C5B73E9-458D-4351-9773-393D9251A744}.Debug|Any CPU.Build.0 = Debug|Any CPU
		{2C5B73E9-458D-4351-9773-393D9251A744}.Release|Any CPU.ActiveCfg = Release|Any CPU
		{2C5B73E9-458D-4351-9773-393D9251A744}.Release|Any CPU.Build.0 = Release|Any CPU
	EndGlobalSection
	GlobalSection(SolutionProperties) = preSolution
		HideSolutionNode = FALSE
	EndGlobalSection
	GlobalSection(ExtensibilityGlobals) = postSolution
		SolutionGuid = {5A76EDE1-2ED2-49D3-8E4A-19F8DF328A26}
	EndGlobalSection
EndGlobal
