
Microsoft Visual Studio Solution File, Format Version 12.00
# Visual Studio Version 17
VisualStudioVersion = 17.2.32616.157
MinimumVisualStudioVersion = 10.0.40219.1
Project("{FAE04EC0-301F-11D3-BF4B-00C04F79EFBC}") = "FromLecture08", "FromLecture08\FromLecture08.csproj", "{77CD4111-0941-4C9A-B6B2-B25D910A1200}"
EndProject
Project("{FAE04EC0-301F-11D3-BF4B-00C04F79EFBC}") = "FileManager", "FileManager\FileManager.csproj", "{C7BCCA8E-4F99-4873-ABCA-67AB12A8ECC7}"
EndProject
Global
	GlobalSection(SolutionConfigurationPlatforms) = preSolution
		Debug|Any CPU = Debug|Any CPU
		Release|Any CPU = Release|Any CPU
	EndGlobalSection
	GlobalSection(ProjectConfigurationPlatforms) = postSolution
		{77CD4111-0941-4C9A-B6B2-B25D910A1200}.Debug|Any CPU.ActiveCfg = Debug|Any CPU
		{77CD4111-0941-4C9A-B6B2-B25D910A1200}.Debug|Any CPU.Build.0 = Debug|Any CPU
		{77CD4111-0941-4C9A-B6B2-B25D910A1200}.Release|Any CPU.ActiveCfg = Release|Any CPU
		{77CD4111-0941-4C9A-B6B2-B25D910A1200}.Release|Any CPU.Build.0 = Release|Any CPU
		{C7BCCA8E-4F99-4873-ABCA-67AB12A8ECC7}.Debug|Any CPU.ActiveCfg = Debug|Any CPU
		{C7BCCA8E-4F99-4873-ABCA-67AB12A8ECC7}.Debug|Any CPU.Build.0 = Debug|Any CPU
		{C7BCCA8E-4F99-4873-ABCA-67AB12A8ECC7}.Release|Any CPU.ActiveCfg = Release|Any CPU
		{C7BCCA8E-4F99-4873-ABCA-67AB12A8ECC7}.Release|Any CPU.Build.0 = Release|Any CPU
	EndGlobalSection
	GlobalSection(SolutionProperties) = preSolution
		HideSolutionNode = FALSE
	EndGlobalSection
	GlobalSection(ExtensibilityGlobals) = postSolution
		SolutionGuid = {D4710D84-C896-4C52-8E74-252A511FF01E}
	EndGlobalSection
EndGlobal
