
Microsoft Visual Studio Solution File, Format Version 12.00
# Visual Studio Version 17
VisualStudioVersion = 17.2.32616.157
MinimumVisualStudioVersion = 10.0.40219.1
Project("{FAE04EC0-301F-11D3-BF4B-00C04F79EFBC}") = "Lesson08-FileManager", "Lesson08-FileManager\Lesson08-FileManager.csproj", "{665C8646-FF07-43C6-838C-07184510D08D}"
EndProject
Global
	GlobalSection(SolutionConfigurationPlatforms) = preSolution
		Debug|Any CPU = Debug|Any CPU
		Release|Any CPU = Release|Any CPU
	EndGlobalSection
	GlobalSection(ProjectConfigurationPlatforms) = postSolution
		{665C8646-FF07-43C6-838C-07184510D08D}.Debug|Any CPU.ActiveCfg = Debug|Any CPU
		{665C8646-FF07-43C6-838C-07184510D08D}.Debug|Any CPU.Build.0 = Debug|Any CPU
		{665C8646-FF07-43C6-838C-07184510D08D}.Release|Any CPU.ActiveCfg = Release|Any CPU
		{665C8646-FF07-43C6-838C-07184510D08D}.Release|Any CPU.Build.0 = Release|Any CPU
	EndGlobalSection
	GlobalSection(SolutionProperties) = preSolution
		HideSolutionNode = FALSE
	EndGlobalSection
	GlobalSection(ExtensibilityGlobals) = postSolution
		SolutionGuid = {383AED48-2BA3-4FB1-82FD-37AB014F0291}
	EndGlobalSection
EndGlobal
