
Microsoft Visual Studio Solution File, Format Version 12.00
# Visual Studio Version 17
VisualStudioVersion = 17.2.32616.157
MinimumVisualStudioVersion = 10.0.40219.1
Project("{FAE04EC0-301F-11D3-BF4B-00C04F79EFBC}") = "BankScore", "BankScore\BankScore.csproj", "{61A2531B-76B2-4CD9-98AD-542E65822170}"
EndProject
Global
	GlobalSection(SolutionConfigurationPlatforms) = preSolution
		Debug|Any CPU = Debug|Any CPU
		Release|Any CPU = Release|Any CPU
	EndGlobalSection
	GlobalSection(ProjectConfigurationPlatforms) = postSolution
		{61A2531B-76B2-4CD9-98AD-542E65822170}.Debug|Any CPU.ActiveCfg = Debug|Any CPU
		{61A2531B-76B2-4CD9-98AD-542E65822170}.Debug|Any CPU.Build.0 = Debug|Any CPU
		{61A2531B-76B2-4CD9-98AD-542E65822170}.Release|Any CPU.ActiveCfg = Release|Any CPU
		{61A2531B-76B2-4CD9-98AD-542E65822170}.Release|Any CPU.Build.0 = Release|Any CPU
	EndGlobalSection
	GlobalSection(SolutionProperties) = preSolution
		HideSolutionNode = FALSE
	EndGlobalSection
	GlobalSection(ExtensibilityGlobals) = postSolution
		SolutionGuid = {4699D9B8-075E-41FF-B1A8-5EECDC3F8EAC}
	EndGlobalSection
EndGlobal
